
Microsoft Visual Studio Solution File, Format Version 12.00
# Visual Studio Version 17
VisualStudioVersion = 17.8.34408.163
MinimumVisualStudioVersion = 10.0.40219.1
Project("{FAE04EC0-301F-11D3-BF4B-00C04F79EFBC}") = "02_Interfaces", "02_Interfaces\02_Interfaces.csproj", "{EB865505-5C39-42E6-9346-5DC1933D9B64}"
EndProject
Project("{FAE04EC0-301F-11D3-BF4B-00C04F79EFBC}") = "Services", "Services\Services.csproj", "{0C190019-9508-41E0-A2BE-2AB7E3B57DCE}"
EndProject
Global
	GlobalSection(SolutionConfigurationPlatforms) = preSolution
		Debug|Any CPU = Debug|Any CPU
		Release|Any CPU = Release|Any CPU
	EndGlobalSection
	GlobalSection(ProjectConfigurationPlatforms) = postSolution
		{EB865505-5C39-42E6-9346-5DC1933D9B64}.Debug|Any CPU.ActiveCfg = Debug|Any CPU
		{EB865505-5C39-42E6-9346-5DC1933D9B64}.Debug|Any CPU.Build.0 = Debug|Any CPU
		{EB865505-5C39-42E6-9346-5DC1933D9B64}.Release|Any CPU.ActiveCfg = Release|Any CPU
		{EB865505-5C39-42E6-9346-5DC1933D9B64}.Release|Any CPU.Build.0 = Release|Any CPU
		{0C190019-9508-41E0-A2BE-2AB7E3B57DCE}.Debug|Any CPU.ActiveCfg = Debug|Any CPU
		{0C190019-9508-41E0-A2BE-2AB7E3B57DCE}.Debug|Any CPU.Build.0 = Debug|Any CPU
		{0C190019-9508-41E0-A2BE-2AB7E3B57DCE}.Release|Any CPU.ActiveCfg = Release|Any CPU
		{0C190019-9508-41E0-A2BE-2AB7E3B57DCE}.Release|Any CPU.Build.0 = Release|Any CPU
	EndGlobalSection
	GlobalSection(SolutionProperties) = preSolution
		HideSolutionNode = FALSE
	EndGlobalSection
	GlobalSection(ExtensibilityGlobals) = postSolution
		SolutionGuid = {F98CBDD8-2987-427F-A46C-93ACD5BF6321}
	EndGlobalSection
EndGlobal
