
Microsoft Visual Studio Solution File, Format Version 12.00
# Visual Studio Version 17
VisualStudioVersion = 17.8.34408.163
MinimumVisualStudioVersion = 10.0.40219.1
Project("{FAE04EC0-301F-11D3-BF4B-00C04F79EFBC}") = "AbstractClass", "AbstractClass\AbstractClass.csproj", "{E60C5B5D-94BF-45E2-B46F-21BE15486EB2}"
EndProject
Project("{FAE04EC0-301F-11D3-BF4B-00C04F79EFBC}") = "Models", "Models\Models.csproj", "{E7BB08B8-776C-479A-ACD3-52F334BF2051}"
EndProject
Global
	GlobalSection(SolutionConfigurationPlatforms) = preSolution
		Debug|Any CPU = Debug|Any CPU
		Release|Any CPU = Release|Any CPU
	EndGlobalSection
	GlobalSection(ProjectConfigurationPlatforms) = postSolution
		{E60C5B5D-94BF-45E2-B46F-21BE15486EB2}.Debug|Any CPU.ActiveCfg = Debug|Any CPU
		{E60C5B5D-94BF-45E2-B46F-21BE15486EB2}.Debug|Any CPU.Build.0 = Debug|Any CPU
		{E60C5B5D-94BF-45E2-B46F-21BE15486EB2}.Release|Any CPU.ActiveCfg = Release|Any CPU
		{E60C5B5D-94BF-45E2-B46F-21BE15486EB2}.Release|Any CPU.Build.0 = Release|Any CPU
		{E7BB08B8-776C-479A-ACD3-52F334BF2051}.Debug|Any CPU.ActiveCfg = Debug|Any CPU
		{E7BB08B8-776C-479A-ACD3-52F334BF2051}.Debug|Any CPU.Build.0 = Debug|Any CPU
		{E7BB08B8-776C-479A-ACD3-52F334BF2051}.Release|Any CPU.ActiveCfg = Release|Any CPU
		{E7BB08B8-776C-479A-ACD3-52F334BF2051}.Release|Any CPU.Build.0 = Release|Any CPU
	EndGlobalSection
	GlobalSection(SolutionProperties) = preSolution
		HideSolutionNode = FALSE
	EndGlobalSection
	GlobalSection(ExtensibilityGlobals) = postSolution
		SolutionGuid = {47FBD9CE-F638-4D16-A5CF-BB021B59DDA3}
	EndGlobalSection
EndGlobal
